// !$*UTF8*$!
{
	archiveVersion = 1;
	classes = {
	};
	objectVersion = 46;
	objects = {

/* Begin PBXBuildFile section */
		4CEDC68E19CA29D8007A03EA /* Foundation.framework in Frameworks */ = {isa = PBXBuildFile; fileRef = 4CEDC68D19CA29D8007A03EA /* Foundation.framework */; };
		4CEDC69019CA29D8007A03EA /* CoreGraphics.framework in Frameworks */ = {isa = PBXBuildFile; fileRef = 4CEDC68F19CA29D8007A03EA /* CoreGraphics.framework */; };
		4CEDC69219CA29D8007A03EA /* UIKit.framework in Frameworks */ = {isa = PBXBuildFile; fileRef = 4CEDC69119CA29D8007A03EA /* UIKit.framework */; };
		4CEDC69819CA29D8007A03EA /* InfoPlist.strings in Resources */ = {isa = PBXBuildFile; fileRef = 4CEDC69619CA29D8007A03EA /* InfoPlist.strings */; };
		4CEDC69A19CA29D8007A03EA /* main.m in Sources */ = {isa = PBXBuildFile; fileRef = 4CEDC69919CA29D8007A03EA /* main.m */; };
		4CEDC69E19CA29D8007A03EA /* AppDelegate.m in Sources */ = {isa = PBXBuildFile; fileRef = 4CEDC69D19CA29D8007A03EA /* AppDelegate.m */; };
		4CEDC6A119CA29D9007A03EA /* Main_iPhone.storyboard in Resources */ = {isa = PBXBuildFile; fileRef = 4CEDC69F19CA29D9007A03EA /* Main_iPhone.storyboard */; };
		4CEDC6A419CA29D9007A03EA /* Main_iPad.storyboard in Resources */ = {isa = PBXBuildFile; fileRef = 4CEDC6A219CA29D9007A03EA /* Main_iPad.storyboard */; };
		4CEDC6A719CA29D9007A03EA /* ViewController.m in Sources */ = {isa = PBXBuildFile; fileRef = 4CEDC6A619CA29D9007A03EA /* ViewController.m */; };
		4CEDC6A919CA29D9007A03EA /* Images.xcassets in Resources */ = {isa = PBXBuildFile; fileRef = 4CEDC6A819CA29D9007A03EA /* Images.xcassets */; };
		4CEDC6B019CA29D9007A03EA /* XCTest.framework in Frameworks */ = {isa = PBXBuildFile; fileRef = 4CEDC6AF19CA29D9007A03EA /* XCTest.framework */; };
		4CEDC6B119CA29D9007A03EA /* Foundation.framework in Frameworks */ = {isa = PBXBuildFile; fileRef = 4CEDC68D19CA29D8007A03EA /* Foundation.framework */; };
		4CEDC6B219CA29D9007A03EA /* UIKit.framework in Frameworks */ = {isa = PBXBuildFile; fileRef = 4CEDC69119CA29D8007A03EA /* UIKit.framework */; };
		4CEDC6BA19CA29D9007A03EA /* InfoPlist.strings in Resources */ = {isa = PBXBuildFile; fileRef = 4CEDC6B819CA29D9007A03EA /* InfoPlist.strings */; };
		4CEDC6BC19CA29D9007A03EA /* URLDownloadDemoTests.m in Sources */ = {isa = PBXBuildFile; fileRef = 4CEDC6BB19CA29D9007A03EA /* URLDownloadDemoTests.m */; };
/* End PBXBuildFile section */

/* Begin PBXContainerItemProxy section */
		4CEDC6B319CA29D9007A03EA /* PBXContainerItemProxy */ = {
			isa = PBXContainerItemProxy;
			containerPortal = 4CEDC68219CA29D8007A03EA /* Project object */;
			proxyType = 1;
			remoteGlobalIDString = 4CEDC68919CA29D8007A03EA;
			remoteInfo = URLDownloadDemo;
		};
/* End PBXContainerItemProxy section */

/* Begin PBXFileReference section */
		4CEDC68A19CA29D8007A03EA /* URLDownloadDemo.app */ = {isa = PBXFileReference; explicitFileType = wrapper.application; includeInIndex = 0; path = URLDownloadDemo.app; sourceTree = BUILT_PRODUCTS_DIR; };
		4CEDC68D19CA29D8007A03EA /* Foundation.framework */ = {isa = PBXFileReference; lastKnownFileType = wrapper.framework; name = Foundation.framework; path = System/Library/Frameworks/Foundation.framework; sourceTree = SDKROOT; };
		4CEDC68F19CA29D8007A03EA /* CoreGraphics.framework */ = {isa = PBXFileReference; lastKnownFileType = wrapper.framework; name = CoreGraphics.framework; path = System/Library/Frameworks/CoreGraphics.framework; sourceTree = SDKROOT; };
		4CEDC69119CA29D8007A03EA /* UIKit.framework */ = {isa = PBXFileReference; lastKnownFileType = wrapper.framework; name = UIKit.framework; path = System/Library/Frameworks/UIKit.framework; sourceTree = SDKROOT; };
		4CEDC69519CA29D8007A03EA /* URLDownloadDemo-Info.plist */ = {isa = PBXFileReference; lastKnownFileType = text.plist.xml; path = "URLDownloadDemo-Info.plist"; sourceTree = "<group>"; };
		4CEDC69719CA29D8007A03EA /* en */ = {isa = PBXFileReference; lastKnownFileType = text.plist.strings; name = en; path = en.lproj/InfoPlist.strings; sourceTree = "<group>"; };
		4CEDC69919CA29D8007A03EA /* main.m */ = {isa = PBXFileReference; lastKnownFileType = sourcecode.c.objc; path = main.m; sourceTree = "<group>"; };
		4CEDC69B19CA29D8007A03EA /* URLDownloadDemo-Prefix.pch */ = {isa = PBXFileReference; lastKnownFileType = sourcecode.c.h; path = "URLDownloadDemo-Prefix.pch"; sourceTree = "<group>"; };
		4CEDC69C19CA29D8007A03EA /* AppDelegate.h */ = {isa = PBXFileReference; lastKnownFileType = sourcecode.c.h; path = AppDelegate.h; sourceTree = "<group>"; };
		4CEDC69D19CA29D8007A03EA /* AppDelegate.m */ = {isa = PBXFileReference; lastKnownFileType = sourcecode.c.objc; path = AppDelegate.m; sourceTree = "<group>"; };
		4CEDC6A019CA29D9007A03EA /* Base */ = {isa = PBXFileReference; lastKnownFileType = file.storyboard; name = Base; path = Base.lproj/Main_iPhone.storyboard; sourceTree = "<group>"; };
		4CEDC6A319CA29D9007A03EA /* Base */ = {isa = PBXFileReference; lastKnownFileType = file.storyboard; name = Base; path = Base.lproj/Main_iPad.storyboard; sourceTree = "<group>"; };
		4CEDC6A519CA29D9007A03EA /* ViewController.h */ = {isa = PBXFileReference; lastKnownFileType = sourcecode.c.h; path = ViewController.h; sourceTree = "<group>"; };
		4CEDC6A619CA29D9007A03EA /* ViewController.m */ = {isa = PBXFileReference; lastKnownFileType = sourcecode.c.objc; path = ViewController.m; sourceTree = "<group>"; };
		4CEDC6A819CA29D9007A03EA /* Images.xcassets */ = {isa = PBXFileReference; lastKnownFileType = folder.assetcatalog; path = Images.xcassets; sourceTree = "<group>"; };
		4CEDC6AE19CA29D9007A03EA /* URLDownloadDemoTests.xctest */ = {isa = PBXFileReference; explicitFileType = wrapper.cfbundle; includeInIndex = 0; path = URLDownloadDemoTests.xctest; sourceTree = BUILT_PRODUCTS_DIR; };
		4CEDC6AF19CA29D9007A03EA /* XCTest.framework */ = {isa = PBXFileReference; lastKnownFileType = wrapper.framework; name = XCTest.framework; path = Library/Frameworks/XCTest.framework; sourceTree = DEVELOPER_DIR; };
		4CEDC6B719CA29D9007A03EA /* URLDownloadDemoTests-Info.plist */ = {isa = PBXFileReference; lastKnownFileType = text.plist.xml; path = "URLDownloadDemoTests-Info.plist"; sourceTree = "<group>"; };
		4CEDC6B919CA29D9007A03EA /* en */ = {isa = PBXFileReference; lastKnownFileType = text.plist.strings; name = en; path = en.lproj/InfoPlist.strings; sourceTree = "<group>"; };
		4CEDC6BB19CA29D9007A03EA /* URLDownloadDemoTests.m */ = {isa = PBXFileReference; lastKnownFileType = sourcecode.c.objc; path = URLDownloadDemoTests.m; sourceTree = "<group>"; };
/* End PBXFileReference section */

/* Begin PBXFrameworksBuildPhase section */
		4CEDC68719CA29D8007A03EA /* Frameworks */ = {
			isa = PBXFrameworksBuildPhase;
			buildActionMask = 2147483647;
			files = (
				4CEDC69019CA29D8007A03EA /* CoreGraphics.framework in Frameworks */,
				4CEDC69219CA29D8007A03EA /* UIKit.framework in Frameworks */,
				4CEDC68E19CA29D8007A03EA /* Foundation.framework in Frameworks */,
			);
			runOnlyForDeploymentPostprocessing = 0;
		};
		4CEDC6AB19CA29D9007A03EA /* Frameworks */ = {
			isa = PBXFrameworksBuildPhase;
			buildActionMask = 2147483647;
			files = (
				4CEDC6B019CA29D9007A03EA /* XCTest.framework in Frameworks */,
				4CEDC6B219CA29D9007A03EA /* UIKit.framework in Frameworks */,
				4CEDC6B119CA29D9007A03EA /* Foundation.framework in Frameworks */,
			);
			runOnlyForDeploymentPostprocessing = 0;
		};
/* End PBXFrameworksBuildPhase section */

/* Begin PBXGroup section */
		4CEDC68119CA29D8007A03EA = {
			isa = PBXGroup;
			children = (
				4CEDC69319CA29D8007A03EA /* URLDownloadDemo */,
				4CEDC6B519CA29D9007A03EA /* URLDownloadDemoTests */,
				4CEDC68C19CA29D8007A03EA /* Frameworks */,
				4CEDC68B19CA29D8007A03EA /* Products */,
			);
			sourceTree = "<group>";
		};
		4CEDC68B19CA29D8007A03EA /* Products */ = {
			isa = PBXGroup;
			children = (
				4CEDC68A19CA29D8007A03EA /* URLDownloadDemo.app */,
				4CEDC6AE19CA29D9007A03EA /* URLDownloadDemoTests.xctest */,
			);
			name = Products;
			sourceTree = "<group>";
		};
		4CEDC68C19CA29D8007A03EA /* Frameworks */ = {
			isa = PBXGroup;
			children = (
				4CEDC68D19CA29D8007A03EA /* Foundation.framework */,
				4CEDC68F19CA29D8007A03EA /* CoreGraphics.framework */,
				4CEDC69119CA29D8007A03EA /* UIKit.framework */,
				4CEDC6AF19CA29D9007A03EA /* XCTest.framework */,
			);
			name = Frameworks;
			sourceTree = "<group>";
		};
		4CEDC69319CA29D8007A03EA /* URLDownloadDemo */ = {
			isa = PBXGroup;
			children = (
				4CEDC69C19CA29D8007A03EA /* AppDelegate.h */,
				4CEDC69D19CA29D8007A03EA /* AppDelegate.m */,
				4CEDC69F19CA29D9007A03EA /* Main_iPhone.storyboard */,
				4CEDC6A219CA29D9007A03EA /* Main_iPad.storyboard */,
				4CEDC6A519CA29D9007A03EA /* ViewController.h */,
				4CEDC6A619CA29D9007A03EA /* ViewController.m */,
				4CEDC6A819CA29D9007A03EA /* Images.xcassets */,
				4CEDC69419CA29D8007A03EA /* Supporting Files */,
			);
			path = URLDownloadDemo;
			sourceTree = "<group>";
		};
		4CEDC69419CA29D8007A03EA /* Supporting Files */ = {
			isa = PBXGroup;
			children = (
				4CEDC69519CA29D8007A03EA /* URLDownloadDemo-Info.plist */,
				4CEDC69619CA29D8007A03EA /* InfoPlist.strings */,
				4CEDC69919CA29D8007A03EA /* main.m */,
				4CEDC69B19CA29D8007A03EA /* URLDownloadDemo-Prefix.pch */,
			);
			name = "Supporting Files";
			sourceTree = "<group>";
		};
		4CEDC6B519CA29D9007A03EA /* URLDownloadDemoTests */ = {
			isa = PBXGroup;
			children = (
				4CEDC6BB19CA29D9007A03EA /* URLDownloadDemoTests.m */,
				4CEDC6B619CA29D9007A03EA /* Supporting Files */,
			);
			path = URLDownloadDemoTests;
			sourceTree = "<group>";
		};
		4CEDC6B619CA29D9007A03EA /* Supporting Files */ = {
			isa = PBXGroup;
			children = (
				4CEDC6B719CA29D9007A03EA /* URLDownloadDemoTests-Info.plist */,
				4CEDC6B819CA29D9007A03EA /* InfoPlist.strings */,
			);
			name = "Supporting Files";
			sourceTree = "<group>";
		};
/* End PBXGroup section */

/* Begin PBXNativeTarget section */
		4CEDC68919CA29D8007A03EA /* URLDownloadDemo */ = {
			isa = PBXNativeTarget;
			buildConfigurationList = 4CEDC6BF19CA29D9007A03EA /* Build configuration list for PBXNativeTarget "URLDownloadDemo" */;
			buildPhases = (
				4CEDC68619CA29D8007A03EA /* Sources */,
				4CEDC68719CA29D8007A03EA /* Frameworks */,
				4CEDC68819CA29D8007A03EA /* Resources */,
			);
			buildRules = (
			);
			dependencies = (
			);
			name = URLDownloadDemo;
			productName = URLDownloadDemo;
			productReference = 4CEDC68A19CA29D8007A03EA /* URLDownloadDemo.app */;
			productType = "com.apple.product-type.application";
		};
		4CEDC6AD19CA29D9007A03EA /* URLDownloadDemoTests */ = {
			isa = PBXNativeTarget;
			buildConfigurationList = 4CEDC6C219CA29D9007A03EA /* Build configuration list for PBXNativeTarget "URLDownloadDemoTests" */;
			buildPhases = (
				4CEDC6AA19CA29D9007A03EA /* Sources */,
				4CEDC6AB19CA29D9007A03EA /* Frameworks */,
				4CEDC6AC19CA29D9007A03EA /* Resources */,
			);
			buildRules = (
			);
			dependencies = (
				4CEDC6B419CA29D9007A03EA /* PBXTargetDependency */,
			);
			name = URLDownloadDemoTests;
			productName = URLDownloadDemoTests;
			productReference = 4CEDC6AE19CA29D9007A03EA /* URLDownloadDemoTests.xctest */;
			productType = "com.apple.product-type.bundle.unit-test";
		};
/* End PBXNativeTarget section */

/* Begin PBXProject section */
		4CEDC68219CA29D8007A03EA /* Project object */ = {
			isa = PBXProject;
			attributes = {
				LastUpgradeCheck = 0510;
				ORGANIZATIONNAME = "Sympathetic Software";
				TargetAttributes = {
					4CEDC6AD19CA29D9007A03EA = {
						TestTargetID = 4CEDC68919CA29D8007A03EA;
					};
				};
			};
			buildConfigurationList = 4CEDC68519CA29D8007A03EA /* Build configuration list for PBXProject "URLDownloadDemo" */;
			compatibilityVersion = "Xcode 3.2";
			developmentRegion = English;
			hasScannedForEncodings = 0;
			knownRegions = (
				en,
				Base,
			);
			mainGroup = 4CEDC68119CA29D8007A03EA;
			productRefGroup = 4CEDC68B19CA29D8007A03EA /* Products */;
			projectDirPath = "";
			projectRoot = "";
			targets = (
				4CEDC68919CA29D8007A03EA /* URLDownloadDemo */,
				4CEDC6AD19CA29D9007A03EA /* URLDownloadDemoTests */,
			);
		};
/* End PBXProject section */

/* Begin PBXResourcesBuildPhase section */
		4CEDC68819CA29D8007A03EA /* Resources */ = {
			isa = PBXResourcesBuildPhase;
			buildActionMask = 2147483647;
			files = (
				4CEDC6A419CA29D9007A03EA /* Main_iPad.storyboard in Resources */,
				4CEDC6A919CA29D9007A03EA /* Images.xcassets in Resources */,
				4CEDC6A119CA29D9007A03EA /* Main_iPhone.storyboard in Resources */,
				4CEDC69819CA29D8007A03EA /* InfoPlist.strings in Resources */,
			);
			runOnlyForDeploymentPostprocessing = 0;
		};
		4CEDC6AC19CA29D9007A03EA /* Resources */ = {
			isa = PBXResourcesBuildPhase;
			buildActionMask = 2147483647;
			files = (
				4CEDC6BA19CA29D9007A03EA /* InfoPlist.strings in Resources */,
			);
			runOnlyForDeploymentPostprocessing = 0;
		};
/* End PBXResourcesBuildPhase section */

/* Begin PBXSourcesBuildPhase section */
		4CEDC68619CA29D8007A03EA /* Sources */ = {
			isa = PBXSourcesBuildPhase;
			buildActionMask = 2147483647;
			files = (
				4CEDC6A719CA29D9007A03EA /* ViewController.m in Sources */,
				4CEDC69E19CA29D8007A03EA /* AppDelegate.m in Sources */,
				4CEDC69A19CA29D8007A03EA /* main.m in Sources */,
			);
			runOnlyForDeploymentPostprocessing = 0;
		};
		4CEDC6AA19CA29D9007A03EA /* Sources */ = {
			isa = PBXSourcesBuildPhase;
			buildActionMask = 2147483647;
			files = (
				4CEDC6BC19CA29D9007A03EA /* URLDownloadDemoTests.m in Sources */,
			);
			runOnlyForDeploymentPostprocessing = 0;
		};
/* End PBXSourcesBuildPhase section */

/* Begin PBXTargetDependency section */
		4CEDC6B419CA29D9007A03EA /* PBXTargetDependency */ = {
			isa = PBXTargetDependency;
			target = 4CEDC68919CA29D8007A03EA /* URLDownloadDemo */;
			targetProxy = 4CEDC6B319CA29D9007A03EA /* PBXContainerItemProxy */;
		};
/* End PBXTargetDependency section */

/* Begin PBXVariantGroup section */
		4CEDC69619CA29D8007A03EA /* InfoPlist.strings */ = {
			isa = PBXVariantGroup;
			children = (
				4CEDC69719CA29D8007A03EA /* en */,
			);
			name = InfoPlist.strings;
			sourceTree = "<group>";
		};
		4CEDC69F19CA29D9007A03EA /* Main_iPhone.storyboard */ = {
			isa = PBXVariantGroup;
			children = (
				4CEDC6A019CA29D9007A03EA /* Base */,
			);
			name = Main_iPhone.storyboard;
			sourceTree = "<group>";
		};
		4CEDC6A219CA29D9007A03EA /* Main_iPad.storyboard */ = {
			isa = PBXVariantGroup;
			children = (
				4CEDC6A319CA29D9007A03EA /* Base */,
			);
			name = Main_iPad.storyboard;
			sourceTree = "<group>";
		};
		4CEDC6B819CA29D9007A03EA /* InfoPlist.strings */ = {
			isa = PBXVariantGroup;
			children = (
				4CEDC6B919CA29D9007A03EA /* en */,
			);
			name = InfoPlist.strings;
			sourceTree = "<group>";
		};
/* End PBXVariantGroup section */

/* Begin XCBuildConfiguration section */
		4CEDC6BD19CA29D9007A03EA /* Debug */ = {
			isa = XCBuildConfiguration;
			buildSettings = {
				ALWAYS_SEARCH_USER_PATHS = NO;
				CLANG_CXX_LANGUAGE_STANDARD = "gnu++0x";
				CLANG_CXX_LIBRARY = "libc++";
				CLANG_ENABLE_MODULES = YES;
				CLANG_ENABLE_OBJC_ARC = YES;
				CLANG_WARN_BOOL_CONVERSION = YES;
				CLANG_WARN_CONSTANT_CONVERSION = YES;
				CLANG_WARN_DIRECT_OBJC_ISA_USAGE = YES_ERROR;
				CLANG_WARN_EMPTY_BODY = YES;
				CLANG_WARN_ENUM_CONVERSION = YES;
				CLANG_WARN_INT_CONVERSION = YES;
				CLANG_WARN_OBJC_ROOT_CLASS = YES_ERROR;
				CLANG_WARN__DUPLICATE_METHOD_MATCH = YES;
				"CODE_SIGN_IDENTITY[sdk=iphoneos*]" = "iPhone Developer";
				COPY_PHASE_STRIP = NO;
				GCC_C_LANGUAGE_STANDARD = gnu99;
				GCC_DYNAMIC_NO_PIC = NO;
				GCC_OPTIMIZATION_LEVEL = 0;
				GCC_PREPROCESSOR_DEFINITIONS = (
					"DEBUG=1",
					"$(inherited)",
				);
				GCC_SYMBOLS_PRIVATE_EXTERN = NO;
				GCC_WARN_64_TO_32_BIT_CONVERSION = YES;
				GCC_WARN_ABOUT_RETURN_TYPE = YES_ERROR;
				GCC_WARN_UNDECLARED_SELECTOR = YES;
				GCC_WARN_UNINITIALIZED_AUTOS = YES_AGGRESSIVE;
				GCC_WARN_UNUSED_FUNCTION = YES;
				GCC_WARN_UNUSED_VARIABLE = YES;
				IPHONEOS_DEPLOYMENT_TARGET = 7.1;
				ONLY_ACTIVE_ARCH = YES;
				SDKROOT = iphoneos;
				TARGETED_DEVICE_FAMILY = "1,2";
			};
			name = Debug;
		};
		4CEDC6BE19CA29D9007A03EA /* Release */ = {
			isa = XCBuildConfiguration;
			buildSettings = {
				ALWAYS_SEARCH_USER_PATHS = NO;
				CLANG_CXX_LANGUAGE_STANDARD = "gnu++0x";
				CLANG_CXX_LIBRARY = "libc++";
				CLANG_ENABLE_MODULES = YES;
				CLANG_ENABLE_OBJC_ARC = YES;
				CLANG_WARN_BOOL_CONVERSION = YES;
				CLANG_WARN_CONSTANT_CONVERSION = YES;
				CLANG_WARN_DIRECT_OBJC_ISA_USAGE = YES_ERROR;
				CLANG_WARN_EMPTY_BODY = YES;
				CLANG_WARN_ENUM_CONVERSION = YES;
				CLANG_WARN_INT_CONVERSION = YES;
				CLANG_WARN_OBJC_ROOT_CLASS = YES_ERROR;
				CLANG_WARN__DUPLICATE_METHOD_MATCH = YES;
				"CODE_SIGN_IDENTITY[sdk=iphoneos*]" = "iPhone Developer";
				COPY_PHASE_STRIP = YES;
				ENABLE_NS_ASSERTIONS = NO;
				GCC_C_LANGUAGE_STANDARD = gnu99;
				GCC_WARN_64_TO_32_BIT_CONVERSION = YES;
				GCC_WARN_ABOUT_RETURN_TYPE = YES_ERROR;
				GCC_WARN_UNDECLARED_SELECTOR = YES;
				GCC_WARN_UNINITIALIZED_AUTOS = YES_AGGRESSIVE;
				GCC_WARN_UNUSED_FUNCTION = YES;
				GCC_WARN_UNUSED_VARIABLE = YES;
				IPHONEOS_DEPLOYMENT_TARGET = 7.1;
				SDKROOT = iphoneos;
				TARGETED_DEVICE_FAMILY = "1,2";
				VALIDATE_PRODUCT = YES;
			};
			name = Release;
		};
		4CEDC6C019CA29D9007A03EA /* Debug */ = {
			isa = XCBuildConfiguration;
			buildSettings = {
				ASSETCATALOG_COMPILER_APPICON_NAME = AppIcon;
				ASSETCATALOG_COMPILER_LAUNCHIMAGE_NAME = LaunchImage;
				GCC_PRECOMPILE_PREFIX_HEADER = YES;
				GCC_PREFIX_HEADER = "URLDownloadDemo/URLDownloadDemo-Prefix.pch";
				INFOPLIST_FILE = "URLDownloadDemo/URLDownloadDemo-Info.plist";
				PRODUCT_NAME = "$(TARGET_NAME)";
				WRAPPER_EXTENSION = app;
			};
			name = Debug;
		};
		4CEDC6C119CA29D9007A03EA /* Release */ = {
			isa = XCBuildConfiguration;
			buildSettings = {
				ASSETCATALOG_COMPILER_APPICON_NAME = AppIcon;
				ASSETCATALOG_COMPILER_LAUNCHIMAGE_NAME = LaunchImage;
				GCC_PRECOMPILE_PREFIX_HEADER = YES;
				GCC_PREFIX_HEADER = "URLDownloadDemo/URLDownloadDemo-Prefix.pch";
				INFOPLIST_FILE = "URLDownloadDemo/URLDownloadDemo-Info.plist";
				PRODUCT_NAME = "$(TARGET_NAME)";
				WRAPPER_EXTENSION = app;
			};
			name = Release;
		};
		4CEDC6C319CA29D9007A03EA /* Debug */ = {
			isa = XCBuildConfiguration;
			buildSettings = {
				BUNDLE_LOADER = "$(BUILT_PRODUCTS_DIR)/URLDownloadDemo.app/URLDownloadDemo";
				FRAMEWORK_SEARCH_PATHS = (
					"$(SDKROOT)/Developer/Library/Frameworks",
					"$(inherited)",
					"$(DEVELOPER_FRAMEWORKS_DIR)",
				);
				GCC_PRECOMPILE_PREFIX_HEADER = YES;
				GCC_PREFIX_HEADER = "URLDownloadDemo/URLDownloadDemo-Prefix.pch";
				GCC_PREPROCESSOR_DEFINITIONS = (
					"DEBUG=1",
					"$(inherited)",
				);
				INFOPLIST_FILE = "URLDownloadDemoTests/URLDownloadDemoTests-Info.plist";
				PRODUCT_NAME = "$(TARGET_NAME)";
				TEST_HOST = "$(BUNDLE_LOADER)";
				WRAPPER_EXTENSION = xctest;
			};
			name = Debug;
		};
		4CEDC6C419CA29D9007A03EA /* Release */ = {
			isa = XCBuildConfiguration;
			buildSettings = {
				BUNDLE_LOADER = "$(BUILT_PRODUCTS_DIR)/URLDownloadDemo.app/URLDownloadDemo";
				FRAMEWORK_SEARCH_PATHS = (
					"$(SDKROOT)/Developer/Library/Frameworks",
					"$(inherited)",
					"$(DEVELOPER_FRAMEWORKS_DIR)",
				);
				GCC_PRECOMPILE_PREFIX_HEADER = YES;
				GCC_PREFIX_HEADER = "URLDownloadDemo/URLDownloadDemo-Prefix.pch";
				INFOPLIST_FILE = "URLDownloadDemoTests/URLDownloadDemoTests-Info.plist";
				PRODUCT_NAME = "$(TARGET_NAME)";
				TEST_HOST = "$(BUNDLE_LOADER)";
				WRAPPER_EXTENSION = xctest;
			};
			name = Release;
		};
/* End XCBuildConfiguration section */

/* Begin XCConfigurationList section */
		4CEDC68519CA29D8007A03EA /* Build configuration list for PBXProject "URLDownloadDemo" */ = {
			isa = XCConfigurationList;
			buildConfigurations = (
				4CEDC6BD19CA29D9007A03EA /* Debug */,
				4CEDC6BE19CA29D9007A03EA /* Release */,
			);
			defaultConfigurationIsVisible = 0;
			defaultConfigurationName = Release;
		};
		4CEDC6BF19CA29D9007A03EA /* Build configuration list for PBXNativeTarget "URLDownloadDemo" */ = {
			isa = XCConfigurationList;
			buildConfigurations = (
				4CEDC6C019CA29D9007A03EA /* Debug */,
				4CEDC6C119CA29D9007A03EA /* Release */,
			);
			defaultConfigurationIsVisible = 0;
		};
		4CEDC6C219CA29D9007A03EA /* Build configuration list for PBXNativeTarget "URLDownloadDemoTests" */ = {
			isa = XCConfigurationList;
			buildConfigurations = (
				4CEDC6C319CA29D9007A03EA /* Debug */,
				4CEDC6C419CA29D9007A03EA /* Release */,
			);
			defaultConfigurationIsVisible = 0;
		};
/* End XCConfigurationList section */
	};
	rootObject = 4CEDC68219CA29D8007A03EA /* Project object */;
}
